
Microsoft Visual Studio Solution File, Format Version 12.00
# Visual Studio Version 16
VisualStudioVersion = 16.0.28803.352
MinimumVisualStudioVersion = 10.0.40219.1
Project("{9A19103F-16F7-4668-BE54-9A1E7A4F7556}") = "EjeLb1.1", "Ejercicios libro 1\EjeLb1.1.csproj", "{9C500A7A-C4AF-4F90-8284-057119F4B4E6}"
EndProject
Global
	GlobalSection(SolutionConfigurationPlatforms) = preSolution
		Debug|Any CPU = Debug|Any CPU
		Release|Any CPU = Release|Any CPU
	EndGlobalSection
	GlobalSection(ProjectConfigurationPlatforms) = postSolution
		{9C500A7A-C4AF-4F90-8284-057119F4B4E6}.Debug|Any CPU.ActiveCfg = Debug|Any CPU
		{9C500A7A-C4AF-4F90-8284-057119F4B4E6}.Debug|Any CPU.Build.0 = Debug|Any CPU
		{9C500A7A-C4AF-4F90-8284-057119F4B4E6}.Release|Any CPU.ActiveCfg = Release|Any CPU
		{9C500A7A-C4AF-4F90-8284-057119F4B4E6}.Release|Any CPU.Build.0 = Release|Any CPU
	EndGlobalSection
	GlobalSection(SolutionProperties) = preSolution
		HideSolutionNode = FALSE
	EndGlobalSection
	GlobalSection(ExtensibilityGlobals) = postSolution
		SolutionGuid = {63D4B38A-B573-4018-A371-58689D5000D2}
	EndGlobalSection
EndGlobal
